
Microsoft Visual Studio Solution File, Format Version 12.00
# Visual Studio Version 17
VisualStudioVersion = 17.13.35806.99 d17.13
MinimumVisualStudioVersion = 10.0.40219.1
Project("{FAE04EC0-301F-11D3-BF4B-00C04F79EFBC}") = "Ders 10 Task 1", "Ders 10 Task 1\Ders 10 Task 1.csproj", "{4045BDB8-09E2-484F-A00A-270D64E6DA94}"
EndProject
Global
	GlobalSection(SolutionConfigurationPlatforms) = preSolution
		Debug|Any CPU = Debug|Any CPU
		Release|Any CPU = Release|Any CPU
	EndGlobalSection
	GlobalSection(ProjectConfigurationPlatforms) = postSolution
		{4045BDB8-09E2-484F-A00A-270D64E6DA94}.Debug|Any CPU.ActiveCfg = Debug|Any CPU
		{4045BDB8-09E2-484F-A00A-270D64E6DA94}.Debug|Any CPU.Build.0 = Debug|Any CPU
		{4045BDB8-09E2-484F-A00A-270D64E6DA94}.Release|Any CPU.ActiveCfg = Release|Any CPU
		{4045BDB8-09E2-484F-A00A-270D64E6DA94}.Release|Any CPU.Build.0 = Release|Any CPU
	EndGlobalSection
	GlobalSection(SolutionProperties) = preSolution
		HideSolutionNode = FALSE
	EndGlobalSection
	GlobalSection(ExtensibilityGlobals) = postSolution
		SolutionGuid = {E7519DBF-3874-47A5-91D8-73FF9845693B}
	EndGlobalSection
EndGlobal
