
Microsoft Visual Studio Solution File, Format Version 12.00
# Visual Studio Version 17
VisualStudioVersion = 17.13.35806.99 d17.13
MinimumVisualStudioVersion = 10.0.40219.1
Project("{FAE04EC0-301F-11D3-BF4B-00C04F79EFBC}") = "Ders 4 Task 1", "Ders 4 Task 1\Ders 4 Task 1.csproj", "{84F93BDB-315C-4E05-BDA3-518919CEE9D5}"
EndProject
Global
	GlobalSection(SolutionConfigurationPlatforms) = preSolution
		Debug|Any CPU = Debug|Any CPU
		Release|Any CPU = Release|Any CPU
	EndGlobalSection
	GlobalSection(ProjectConfigurationPlatforms) = postSolution
		{84F93BDB-315C-4E05-BDA3-518919CEE9D5}.Debug|Any CPU.ActiveCfg = Debug|Any CPU
		{84F93BDB-315C-4E05-BDA3-518919CEE9D5}.Debug|Any CPU.Build.0 = Debug|Any CPU
		{84F93BDB-315C-4E05-BDA3-518919CEE9D5}.Release|Any CPU.ActiveCfg = Release|Any CPU
		{84F93BDB-315C-4E05-BDA3-518919CEE9D5}.Release|Any CPU.Build.0 = Release|Any CPU
	EndGlobalSection
	GlobalSection(SolutionProperties) = preSolution
		HideSolutionNode = FALSE
	EndGlobalSection
	GlobalSection(ExtensibilityGlobals) = postSolution
		SolutionGuid = {1189AC81-7205-4171-BD02-F240CFCB2243}
	EndGlobalSection
EndGlobal
