
Microsoft Visual Studio Solution File, Format Version 12.00
# Visual Studio Version 17
VisualStudioVersion = 17.13.35806.99 d17.13
MinimumVisualStudioVersion = 10.0.40219.1
Project("{FAE04EC0-301F-11D3-BF4B-00C04F79EFBC}") = "Ders 10 Task 3", "Ders 10 Task 3\Ders 10 Task 3.csproj", "{C475FC06-3EB2-4DB4-8A63-82DA412A3088}"
EndProject
Global
	GlobalSection(SolutionConfigurationPlatforms) = preSolution
		Debug|Any CPU = Debug|Any CPU
		Release|Any CPU = Release|Any CPU
	EndGlobalSection
	GlobalSection(ProjectConfigurationPlatforms) = postSolution
		{C475FC06-3EB2-4DB4-8A63-82DA412A3088}.Debug|Any CPU.ActiveCfg = Debug|Any CPU
		{C475FC06-3EB2-4DB4-8A63-82DA412A3088}.Debug|Any CPU.Build.0 = Debug|Any CPU
		{C475FC06-3EB2-4DB4-8A63-82DA412A3088}.Release|Any CPU.ActiveCfg = Release|Any CPU
		{C475FC06-3EB2-4DB4-8A63-82DA412A3088}.Release|Any CPU.Build.0 = Release|Any CPU
	EndGlobalSection
	GlobalSection(SolutionProperties) = preSolution
		HideSolutionNode = FALSE
	EndGlobalSection
	GlobalSection(ExtensibilityGlobals) = postSolution
		SolutionGuid = {C263DF3E-159E-4157-9215-F163EB8FF7BD}
	EndGlobalSection
EndGlobal
