
Microsoft Visual Studio Solution File, Format Version 12.00
# Visual Studio Version 17
VisualStudioVersion = 17.13.35806.99 d17.13
MinimumVisualStudioVersion = 10.0.40219.1
Project("{FAE04EC0-301F-11D3-BF4B-00C04F79EFBC}") = "Ders-2 Task 1", "Ders-2 Task 1\Ders-2 Task 1.csproj", "{7DCD29B3-F6E7-4BD7-8A7C-FD0DC7AEC781}"
EndProject
Global
	GlobalSection(SolutionConfigurationPlatforms) = preSolution
		Debug|Any CPU = Debug|Any CPU
		Release|Any CPU = Release|Any CPU
	EndGlobalSection
	GlobalSection(ProjectConfigurationPlatforms) = postSolution
		{7DCD29B3-F6E7-4BD7-8A7C-FD0DC7AEC781}.Debug|Any CPU.ActiveCfg = Debug|Any CPU
		{7DCD29B3-F6E7-4BD7-8A7C-FD0DC7AEC781}.Debug|Any CPU.Build.0 = Debug|Any CPU
		{7DCD29B3-F6E7-4BD7-8A7C-FD0DC7AEC781}.Release|Any CPU.ActiveCfg = Release|Any CPU
		{7DCD29B3-F6E7-4BD7-8A7C-FD0DC7AEC781}.Release|Any CPU.Build.0 = Release|Any CPU
	EndGlobalSection
	GlobalSection(SolutionProperties) = preSolution
		HideSolutionNode = FALSE
	EndGlobalSection
	GlobalSection(ExtensibilityGlobals) = postSolution
		SolutionGuid = {27F281C3-F8D7-4D08-8417-3A31F0125FF7}
	EndGlobalSection
EndGlobal
