
Microsoft Visual Studio Solution File, Format Version 12.00
# Visual Studio Version 17
VisualStudioVersion = 17.13.35806.99 d17.13
MinimumVisualStudioVersion = 10.0.40219.1
Project("{FAE04EC0-301F-11D3-BF4B-00C04F79EFBC}") = "Ders-2 Task 4", "Ders-2 Task 4\Ders-2 Task 4.csproj", "{B2B02309-DC4A-4C95-B7B9-0750DA3EEE1D}"
EndProject
Global
	GlobalSection(SolutionConfigurationPlatforms) = preSolution
		Debug|Any CPU = Debug|Any CPU
		Release|Any CPU = Release|Any CPU
	EndGlobalSection
	GlobalSection(ProjectConfigurationPlatforms) = postSolution
		{B2B02309-DC4A-4C95-B7B9-0750DA3EEE1D}.Debug|Any CPU.ActiveCfg = Debug|Any CPU
		{B2B02309-DC4A-4C95-B7B9-0750DA3EEE1D}.Debug|Any CPU.Build.0 = Debug|Any CPU
		{B2B02309-DC4A-4C95-B7B9-0750DA3EEE1D}.Release|Any CPU.ActiveCfg = Release|Any CPU
		{B2B02309-DC4A-4C95-B7B9-0750DA3EEE1D}.Release|Any CPU.Build.0 = Release|Any CPU
	EndGlobalSection
	GlobalSection(SolutionProperties) = preSolution
		HideSolutionNode = FALSE
	EndGlobalSection
	GlobalSection(ExtensibilityGlobals) = postSolution
		SolutionGuid = {6C851191-7F07-43FB-A591-8058FA064740}
	EndGlobalSection
EndGlobal
